# THIS IS AN AUTOGENERATED FILE. DO NOT EDIT THIS FILE DIRECTLY.
# yarn lockfile v1


"@ethersproject/abi@^5.0.0":
  version "5.0.2"
  resolved "https://registry.yarnpkg.com/@ethersproject/abi/-/abi-5.0.2.tgz#7fe8f080aa1483fe32cd27bb5b8f2019266af1e2"
  integrity sha512-Z+5f7xOgtRLu/W2l9Ry5xF7ehh9QVQ0m1vhynmTcS7DMfHgqTd1/PDFC62aw91ZPRCRZsYdZJu8ymokC5e1JSw==
  dependencies:
    "@ethersproject/address" "^5.0.0"
    "@ethersproject/bignumber" "^5.0.0"
    "@ethersproject/bytes" "^5.0.0"
    "@ethersproject/constants" "^5.0.0"
    "@ethersproject/hash" "^5.0.0"
    "@ethersproject/keccak256" "^5.0.0"
    "@ethersproject/logger" "^5.0.0"
    "@ethersproject/properties" "^5.0.0"
    "@ethersproject/strings" "^5.0.0"

"@ethersproject/abstract-provider@^5.0.0":
  version "5.0.2"
  resolved "https://registry.yarnpkg.com/@ethersproject/abstract-provider/-/abstract-provider-5.0.2.tgz#9b4e8f4870f0691463e8d5b092c95dd5275c635d"
  integrity sha512-U1s60+nG02x8FKNMoVNI6MG8SguWCoG9HJtwOqWZ38LBRMsDV4c0w4izKx98kcsN3wXw4U2/YAyJ9LlH7+/hkg==
  dependencies:
    "@ethersproject/bignumber" "^5.0.0"
    "@ethersproject/bytes" "^5.0.0"
    "@ethersproject/logger" "^5.0.0"
    "@ethersproject/networks" "^5.0.0"
    "@ethersproject/properties" "^5.0.0"
    "@ethersproject/transactions" "^5.0.0"
    "@ethersproject/web" "^5.0.0"

"@ethersproject/abstract-signer@^5.0.0":
  version "5.0.2"
  resolved "https://registry.yarnpkg.com/@ethersproject/abstract-signer/-/abstract-signer-5.0.2.tgz#5776f888fda816de1d08ddb0e74778ecb9590f69"
  integrity sha512-CzzXbeqKlgayE4YTnvvreGBG3n+HxakGXrxaGM6LjBZnOOIVSYi6HMFG8ZXls7UspRY4hvMrtnKEJKDCOngSBw==
  dependencies:
    "@ethersproject/abstract-provider" "^5.0.0"
    "@ethersproject/bignumber" "^5.0.0"
    "@ethersproject/bytes" "^5.0.0"
    "@ethersproject/logger" "^5.0.0"
    "@ethersproject/properties" "^5.0.0"

"@ethersproject/address@^5.0.0":
  version "5.0.2"
  resolved "https://registry.yarnpkg.com/@ethersproject/address/-/address-5.0.2.tgz#80d0ddfb7d4bd0d32657747fa4bdd2defef2e00a"
  integrity sha512-+rz26RKj7ujGfQynys4V9VJRbR+wpC6eL8F22q3raWMH3152Ha31GwJPWzxE/bEA+43M/zTNVwY0R53gn53L2Q==
  dependencies:
    "@ethersproject/bignumber" "^5.0.0"
    "@ethersproject/bytes" "^5.0.0"
    "@ethersproject/keccak256" "^5.0.0"
    "@ethersproject/logger" "^5.0.0"
    "@ethersproject/rlp" "^5.0.0"
    bn.js "^4.4.0"

"@ethersproject/base64@^5.0.0":
  version "5.0.2"
  resolved "https://registry.yarnpkg.com/@ethersproject/base64/-/base64-5.0.2.tgz#48b3bb8d640a963bd8ee196cfeacd592155a0ca8"
  integrity sha512-0FE5RH5cUDddOiQEDpWtyHjkSW4D5/rdJzA3KTZo8Fk5ab/Y8vdzqbamsXPyPsXU3gS+zCE5Qq4EKVOWlWLLTA==
  dependencies:
    "@ethersproject/bytes" "^5.0.0"

"@ethersproject/basex@^5.0.0":
  version "5.0.2"
  resolved "https://registry.yarnpkg.com/@ethersproject/basex/-/basex-5.0.2.tgz#13029ce0ad63674f4d4dbebf6763181fb22f0e6d"
  integrity sha512-p4m2CeQqI9vma3XipRbP2iDf6zTsbroE0MEXBAYXidsoJQSvePKrC6MVRKfTzfcHej1b9wfmjVBzqhqn3FRhIA==
  dependencies:
    "@ethersproject/bytes" "^5.0.0"
    "@ethersproject/properties" "^5.0.0"

"@ethersproject/bignumber@^5.0.0":
  version "5.0.5"
  resolved "https://registry.yarnpkg.com/@ethersproject/bignumber/-/bignumber-5.0.5.tgz#31bd7e75aad46ace345fae69b1f5bb120906af1b"
  integrity sha512-24ln7PV0g8ZzjcVZiLW9Wod0i+XCmK6zKkAaxw5enraTIT1p7gVOcSXFSzNQ9WYAwtiFQPvvA+TIO2oEITZNJA==
  dependencies:
    "@ethersproject/bytes" "^5.0.0"
    "@ethersproject/logger" "^5.0.0"
    bn.js "^4.4.0"

"@ethersproject/bytes@^5.0.0":
  version "5.0.3"
  resolved "https://registry.yarnpkg.com/@ethersproject/bytes/-/bytes-5.0.3.tgz#b3769963ae0188a35713d343890a903bda20af9c"
  integrity sha512-AyPMAlY+Amaw4Zfp8OAivm1xYPI8mqiUYmEnSUk1CnS2NrQGHEMmFJFiOJdS3gDDpgSOFhWIjZwxKq2VZpqNTA==
  dependencies:
    "@ethersproject/logger" "^5.0.0"

"@ethersproject/constants@^5.0.0":
  version "5.0.2"
  resolved "https://registry.yarnpkg.com/@ethersproject/constants/-/constants-5.0.2.tgz#f7ac0b320e2bbec1a5950da075015f8bc4e8fed1"
  integrity sha512-nNoVlNP6bgpog7pQ2EyD1xjlaXcy1Cl4kK5v1KoskHj58EtB6TK8M8AFGi3GgHTdMldfT4eN3OsoQ/CdOTVNFA==
  dependencies:
    "@ethersproject/bignumber" "^5.0.0"

"@ethersproject/contracts@^5.0.0":
  version "5.0.2"
  resolved "https://registry.yarnpkg.com/@ethersproject/contracts/-/contracts-5.0.2.tgz#f19ed8335ceeb6abb60f5d45641f0a2a62b6fbc5"
  integrity sha512-Ud3oW8mBNIWE+WHRjvwVEwfvshn7lfYWSSKG0fPSb6baRN9mLOoNguX+VIv3W5Sne9w2utnBmxLF2ESXitw64A==
  dependencies:
    "@ethersproject/abi" "^5.0.0"
    "@ethersproject/abstract-provider" "^5.0.0"
    "@ethersproject/abstract-signer" "^5.0.0"
    "@ethersproject/address" "^5.0.0"
    "@ethersproject/bignumber" "^5.0.0"
    "@ethersproject/bytes" "^5.0.0"
    "@ethersproject/constants" "^5.0.0"
    "@ethersproject/logger" "^5.0.0"
    "@ethersproject/properties" "^5.0.0"

"@ethersproject/hash@^5.0.0":
  version "5.0.2"
  resolved "https://registry.yarnpkg.com/@ethersproject/hash/-/hash-5.0.2.tgz#6d69558786961836d530b8b4a8714eac5388aec7"
  integrity sha512-dWGvNwmVRX2bxoQQ3ciMw46Vzl1nqfL+5R8+2ZxsRXD3Cjgw1dL2mdjJF7xMMWPvPdrlhKXWSK0gb8VLwHZ8Cw==
  dependencies:
    "@ethersproject/bytes" "^5.0.0"
    "@ethersproject/keccak256" "^5.0.0"
    "@ethersproject/logger" "^5.0.0"
    "@ethersproject/strings" "^5.0.0"

"@ethersproject/hdnode@^5.0.0":
  version "5.0.2"
  resolved "https://registry.yarnpkg.com/@ethersproject/hdnode/-/hdnode-5.0.2.tgz#c4f2152590a64822d0c0feb90f09cc247af657e0"
  integrity sha512-QAUI5tfseTFqv00Vnbwzofqse81wN9TaL+x5GufTHIHJXgVdguxU+l39E3VYDCmO+eVAA6RCn5dJgeyra+PU2g==
  dependencies:
    "@ethersproject/abstract-signer" "^5.0.0"
    "@ethersproject/basex" "^5.0.0"
    "@ethersproject/bignumber" "^5.0.0"
    "@ethersproject/bytes" "^5.0.0"
    "@ethersproject/logger" "^5.0.0"
    "@ethersproject/pbkdf2" "^5.0.0"
    "@ethersproject/properties" "^5.0.0"
    "@ethersproject/sha2" "^5.0.0"
    "@ethersproject/signing-key" "^5.0.0"
    "@ethersproject/strings" "^5.0.0"
    "@ethersproject/transactions" "^5.0.0"
    "@ethersproject/wordlists" "^5.0.0"

"@ethersproject/json-wallets@^5.0.0":
  version "5.0.3"
  resolved "https://registry.yarnpkg.com/@ethersproject/json-wallets/-/json-wallets-5.0.3.tgz#072021fe79f69c9ca1300f780abd9b9d0c8ea42e"
  integrity sha512-VfDXn5ylugkfiM6SrvQfhX9oAHVU5dsNpRw8PjjTCn4k5E2JuVRO5A8sibkYXDhcBmRISZIWqclIxka6FI/chg==
  dependencies:
    "@ethersproject/abstract-signer" "^5.0.0"
    "@ethersproject/address" "^5.0.0"
    "@ethersproject/bytes" "^5.0.0"
    "@ethersproject/hdnode" "^5.0.0"
    "@ethersproject/keccak256" "^5.0.0"
    "@ethersproject/logger" "^5.0.0"
    "@ethersproject/pbkdf2" "^5.0.0"
    "@ethersproject/properties" "^5.0.0"
    "@ethersproject/random" "^5.0.0"
    "@ethersproject/strings" "^5.0.0"
    "@ethersproject/transactions" "^5.0.0"
    aes-js "3.0.0"
    scrypt-js "3.0.1"

"@ethersproject/keccak256@^5.0.0":
  version "5.0.2"
  resolved "https://registry.yarnpkg.com/@ethersproject/keccak256/-/keccak256-5.0.2.tgz#7ed4a95bb45ee502cf4532223833740a83602797"
  integrity sha512-MbroXutc0gPNYIrUjS4Aw0lDuXabdzI7+l7elRWr1G6G+W0v00e/3gbikWkCReGtt2Jnt4lQSgnflhDwQGcIhA==
  dependencies:
    "@ethersproject/bytes" "^5.0.0"
    js-sha3 "0.5.7"

"@ethersproject/logger@^5.0.0":
  version "5.0.4"
  resolved "https://registry.yarnpkg.com/@ethersproject/logger/-/logger-5.0.4.tgz#09fa4765b5691233e3afb6617cb38a700f9dd2e4"
  integrity sha512-alA2LiAy1LdQ/L1SA9ajUC7MvGAEQLsICEfKK4erX5qhkXE1LwLSPIzobtOWFsMHf2yrXGKBLnnpuVHprI3sAw==

"@ethersproject/networks@^5.0.0":
  version "5.0.2"
  resolved "https://registry.yarnpkg.com/@ethersproject/networks/-/networks-5.0.2.tgz#a49e82cf071e3618e87e3c5d69fdbcf54dc6766c"
  integrity sha512-T7HVd62D4izNU2tDHf6xUDo7k4JOGX4Lk7vDmVcDKrepSWwL2OmGWrqSlkRe2a1Dnz4+1VPE6fb6+KsmSRe82g==
  dependencies:
    "@ethersproject/logger" "^5.0.0"

"@ethersproject/pbkdf2@^5.0.0":
  version "5.0.2"
  resolved "https://registry.yarnpkg.com/@ethersproject/pbkdf2/-/pbkdf2-5.0.2.tgz#d12c5f434bbdf6f52401eddb7d753a713dd9e4ea"
  integrity sha512-OJFxdX/VtGI5M04lAzXKEOb76XBzjCOzGyko3/bMWat3ePAw7RveBOLyhm79SBs2fh21MSYgdG6JScEMHoSImw==
  dependencies:
    "@ethersproject/bytes" "^5.0.0"
    "@ethersproject/sha2" "^5.0.0"

"@ethersproject/properties@^5.0.0":
  version "5.0.2"
  resolved "https://registry.yarnpkg.com/@ethersproject/properties/-/properties-5.0.2.tgz#2facb62d2f2d968c7b3d0befa5bcc884cc565d3b"
  integrity sha512-FxAisPGAOACQjMJzewl9OJG6lsGCPTm5vpUMtfeoxzAlAb2lv+kHzQPUh9h4jfAILzE8AR1jgXMzRmlhwyra1Q==
  dependencies:
    "@ethersproject/logger" "^5.0.0"

"@ethersproject/providers@^5.0.0":
  version "5.0.5"
  resolved "https://registry.yarnpkg.com/@ethersproject/providers/-/providers-5.0.5.tgz#fa28498ce9683d1d99f6cb11e1a7fe8d4886e0ce"
  integrity sha512-ZR3yFg/m8qDl7317yXOHE7tKeGfoyZIZ/imhVC4JqAH+SX1rb6bdZcSjhJfet7rLmnJSsnYLTgIiVIT85aVLgg==
  dependencies:
    "@ethersproject/abstract-provider" "^5.0.0"
    "@ethersproject/abstract-signer" "^5.0.0"
    "@ethersproject/address" "^5.0.0"
    "@ethersproject/bignumber" "^5.0.0"
    "@ethersproject/bytes" "^5.0.0"
    "@ethersproject/constants" "^5.0.0"
    "@ethersproject/hash" "^5.0.0"
    "@ethersproject/logger" "^5.0.0"
    "@ethersproject/networks" "^5.0.0"
    "@ethersproject/properties" "^5.0.0"
    "@ethersproject/random" "^5.0.0"
    "@ethersproject/rlp" "^5.0.0"
    "@ethersproject/strings" "^5.0.0"
    "@ethersproject/transactions" "^5.0.0"
    "@ethersproject/web" "^5.0.0"
    ws "7.2.3"

"@ethersproject/random@^5.0.0":
  version "5.0.2"
  resolved "https://registry.yarnpkg.com/@ethersproject/random/-/random-5.0.2.tgz#bb58aca69a85e8de506686117f050d03dac69023"
  integrity sha512-kLeS+6bwz37WR2zbe69gudyoGVoUzljQO0LhifnATsZ7rW0JZ9Zgt0h5aXY7tqFDo9TvdqeCwUFdp1t3T5Fkhg==
  dependencies:
    "@ethersproject/bytes" "^5.0.0"
    "@ethersproject/logger" "^5.0.0"

"@ethersproject/rlp@^5.0.0":
  version "5.0.2"
  resolved "https://registry.yarnpkg.com/@ethersproject/rlp/-/rlp-5.0.2.tgz#d6b550a2ac5e484f15f0f63337e522004d2e78cd"
  integrity sha512-oE0M5jqQ67fi2SuMcrpoewOpEuoXaD8M9JeR9md1bXRMvDYgKXUtDHs22oevpEOdnO2DPIRabp6MVHa4aDuWmw==
  dependencies:
    "@ethersproject/bytes" "^5.0.0"
    "@ethersproject/logger" "^5.0.0"

"@ethersproject/sha2@^5.0.0":
  version "5.0.2"
  resolved "https://registry.yarnpkg.com/@ethersproject/sha2/-/sha2-5.0.2.tgz#baefc78c071be8729b180759eb29267129314252"
  integrity sha512-VFl4qSStjQZaygpqoAHswaCY59qBm1Sm0rf8iv0tmgVsRf0pBg2nJaNf9NXXvcuJ9AYPyXl57dN8kozdC4z5Cg==
  dependencies:
    "@ethersproject/bytes" "^5.0.0"
    "@ethersproject/logger" "^5.0.0"
    hash.js "1.1.3"

"@ethersproject/signing-key@^5.0.0":
  version "5.0.3"
  resolved "https://registry.yarnpkg.com/@ethersproject/signing-key/-/signing-key-5.0.3.tgz#adb84360e147bfd336cb2fe114100120732dc10a"
  integrity sha512-5QPZaBRGCLzfVMbFb3LcVjNR0UbTXnwDHASnQYfbzwUOnFYHKxHsrcbl/5ONGoppgi8yXgOocKqlPCFycJJVWQ==
  dependencies:
    "@ethersproject/bytes" "^5.0.0"
    "@ethersproject/logger" "^5.0.0"
    "@ethersproject/properties" "^5.0.0"
    elliptic "6.5.3"

"@ethersproject/solidity@^5.0.0":
  version "5.0.2"
  resolved "https://registry.yarnpkg.com/@ethersproject/solidity/-/solidity-5.0.2.tgz#431cee341ec51e022bd897b93fef04521f414756"
  integrity sha512-RygurUe1hPW1LDYAPXy4471AklGWNnxgFWc3YUE6H11gzkit26jr6AyZH4Yyjw38eBBL6j0AOfQzMWm+NhxZ9g==
  dependencies:
    "@ethersproject/bignumber" "^5.0.0"
    "@ethersproject/bytes" "^5.0.0"
    "@ethersproject/keccak256" "^5.0.0"
    "@ethersproject/sha2" "^5.0.0"
    "@ethersproject/strings" "^5.0.0"

"@ethersproject/strings@^5.0.0":
  version "5.0.2"
  resolved "https://registry.yarnpkg.com/@ethersproject/strings/-/strings-5.0.2.tgz#1753408c3c889813fd0992abd76393e3e47a2619"
  integrity sha512-oNa+xvSqsFU96ndzog0IBTtsRFGOqGpzrXJ7shXLBT7juVeSEyZA/sYs0DMZB5mJ9FEjHdZKxR/rTyBY91vuXg==
  dependencies:
    "@ethersproject/bytes" "^5.0.0"
    "@ethersproject/constants" "^5.0.0"
    "@ethersproject/logger" "^5.0.0"

"@ethersproject/transactions@^5.0.0":
  version "5.0.2"
  resolved "https://registry.yarnpkg.com/@ethersproject/transactions/-/transactions-5.0.2.tgz#590ede71fc87b45be7bd46002e18ae52246a2347"
  integrity sha512-jZp0ZbbJlq4JLZY6qoMzNtp2HQsX6USQposi3ns0MPUdn3OdZJBDtrcO15r/2VS5t/K1e1GE5MI1HmMKlcTbbQ==
  dependencies:
    "@ethersproject/address" "^5.0.0"
    "@ethersproject/bignumber" "^5.0.0"
    "@ethersproject/bytes" "^5.0.0"
    "@ethersproject/constants" "^5.0.0"
    "@ethersproject/keccak256" "^5.0.0"
    "@ethersproject/logger" "^5.0.0"
    "@ethersproject/properties" "^5.0.0"
    "@ethersproject/rlp" "^5.0.0"
    "@ethersproject/signing-key" "^5.0.0"

"@ethersproject/units@^5.0.0":
  version "5.0.2"
  resolved "https://registry.yarnpkg.com/@ethersproject/units/-/units-5.0.2.tgz#de1461ff3ad2587e57bf367d056b6b72cfceda78"
  integrity sha512-PSuzycBA1zmRysTtKtp+XYZ3HIJfbmfRdZchOUxdyeGo5siUi9H6mYQcxdJHv82oKp/FniMj8qS8qtLQThhOEg==
  dependencies:
    "@ethersproject/bignumber" "^5.0.0"
    "@ethersproject/constants" "^5.0.0"
    "@ethersproject/logger" "^5.0.0"

"@ethersproject/wallet@^5.0.0":
  version "5.0.2"
  resolved "https://registry.yarnpkg.com/@ethersproject/wallet/-/wallet-5.0.2.tgz#714ca8324c1b3b66e51b9b4e0358c882e88caf1d"
  integrity sha512-gg86ynLV5k5caNnYpJoYc6WyIUHKMTjOITCk5zXGyVbbkXE07y/fGql4A51W0C6mWkeb5Mzz8AKqzHZECdH30w==
  dependencies:
    "@ethersproject/abstract-provider" "^5.0.0"
    "@ethersproject/abstract-signer" "^5.0.0"
    "@ethersproject/address" "^5.0.0"
    "@ethersproject/bignumber" "^5.0.0"
    "@ethersproject/bytes" "^5.0.0"
    "@ethersproject/hash" "^5.0.0"
    "@ethersproject/hdnode" "^5.0.0"
    "@ethersproject/json-wallets" "^5.0.0"
    "@ethersproject/keccak256" "^5.0.0"
    "@ethersproject/logger" "^5.0.0"
    "@ethersproject/properties" "^5.0.0"
    "@ethersproject/random" "^5.0.0"
    "@ethersproject/signing-key" "^5.0.0"
    "@ethersproject/transactions" "^5.0.0"
    "@ethersproject/wordlists" "^5.0.0"

"@ethersproject/web@^5.0.0":
  version "5.0.2"
  resolved "https://registry.yarnpkg.com/@ethersproject/web/-/web-5.0.2.tgz#6565b4c4fe2f56de9556d0e9a966c4ccc1b7b7da"
  integrity sha512-uAlcxdrAWB9PXZlb5NPzbOOt5/m9EJP2c6eLw15/PXPkNNohEIKvdXXOWdcQgTjZ0pcAaD/9mnJ6HXg7NbqXiw==
  dependencies:
    "@ethersproject/base64" "^5.0.0"
    "@ethersproject/logger" "^5.0.0"
    "@ethersproject/properties" "^5.0.0"
    "@ethersproject/strings" "^5.0.0"

"@ethersproject/wordlists@^5.0.0":
  version "5.0.2"
  resolved "https://registry.yarnpkg.com/@ethersproject/wordlists/-/wordlists-5.0.2.tgz#eded47314509c8608373fc2b22879ee2b71b7c7c"
  integrity sha512-6vKDQcjjpnfdSCr0+jNxpFH3ieKxUPkm29tQX2US7a3zT/sJU/BGlKBR7D8oOpwdE0hpkHhJyMlypRBK+A2avA==
  dependencies:
    "@ethersproject/bytes" "^5.0.0"
    "@ethersproject/hash" "^5.0.0"
    "@ethersproject/logger" "^5.0.0"
    "@ethersproject/properties" "^5.0.0"
    "@ethersproject/strings" "^5.0.0"

aes-js@3.0.0:
  version "3.0.0"
  resolved "https://registry.yarnpkg.com/aes-js/-/aes-js-3.0.0.tgz#e21df10ad6c2053295bcbb8dab40b09dbea87e4d"
  integrity sha1-4h3xCtbCBTKVvLuNq0Cwnb6ofk0=

amazon-cognito-identity-js@^4.3.3:
  version "4.3.3"
  resolved "https://registry.yarnpkg.com/amazon-cognito-identity-js/-/amazon-cognito-identity-js-4.3.3.tgz#1b940fbd0d9e7eeb78f8944b8dc2a06ea01f1b5f"
  integrity sha512-LrOJU8zhRrfO9C+zYNYbLYg67i607eVWQW1kQXuxMieq0e9i/ThAuZoUq8OV/rprmjQRFvg9EHhY24OlmC7OAA==
  dependencies:
    buffer "4.9.1"
    crypto-js "^3.3.0"
    js-cookie "^2.1.4"

axios@^0.19.2:
  version "0.19.2"
  resolved "https://registry.yarnpkg.com/axios/-/axios-0.19.2.tgz#3ea36c5d8818d0d5f8a8a97a6d36b86cdc00cb27"
  integrity sha512-fjgm5MvRHLhx+osE2xoekY70AhARk3a6hkN+3Io1jc00jtquGvxYlKlsFUhmUET0V5te6CcZI7lcv2Ym61mjHA==
  dependencies:
    follow-redirects "1.5.10"

base64-js@^1.0.2:
  version "1.3.1"
  resolved "https://registry.yarnpkg.com/base64-js/-/base64-js-1.3.1.tgz#58ece8cb75dd07e71ed08c736abc5fac4dbf8df1"
  integrity sha512-mLQ4i2QO1ytvGWFWmcngKO//JXAQueZvwEKtjgQFM4jIK0kU+ytMfplL8j+n5mspOfjHwoAg+9yhb7BwAHm36g==

bn.js@^4.4.0:
  version "4.11.9"
  resolved "https://registry.yarnpkg.com/bn.js/-/bn.js-4.11.9.tgz#26d556829458f9d1e81fc48952493d0ba3507828"
  integrity sha512-E6QoYqCKZfgatHTdHzs1RRKP7ip4vvm+EyRUeE2RF0NblwVvb0p6jSVeNTOFxPn26QXN2o6SMfNxKp6kU8zQaw==

brorand@^1.0.1:
  version "1.1.0"
  resolved "https://registry.yarnpkg.com/brorand/-/brorand-1.1.0.tgz#12c25efe40a45e3c323eb8675a0a0ce57b22371f"
  integrity sha1-EsJe/kCkXjwyPrhnWgoM5XsiNx8=

buffer@4.9.1:
  version "4.9.1"
  resolved "https://registry.yarnpkg.com/buffer/-/buffer-4.9.1.tgz#6d1bb601b07a4efced97094132093027c95bc298"
  integrity sha1-bRu2AbB6TvztlwlBMgkwJ8lbwpg=
  dependencies:
    base64-js "^1.0.2"
    ieee754 "^1.1.4"
    isarray "^1.0.0"

crypto-js@^3.3.0:
  version "3.3.0"
  resolved "https://registry.yarnpkg.com/crypto-js/-/crypto-js-3.3.0.tgz#846dd1cce2f68aacfa156c8578f926a609b7976b"
  integrity sha512-DIT51nX0dCfKltpRiXV+/TVZq+Qq2NgF4644+K7Ttnla7zEzqc+kjJyiB96BHNyUTBxyjzRcZYpUdZa+QAqi6Q==

debug@=3.1.0:
  version "3.1.0"
  resolved "https://registry.yarnpkg.com/debug/-/debug-3.1.0.tgz#5bb5a0672628b64149566ba16819e61518c67261"
  integrity sha512-OX8XqP7/1a9cqkxYw2yXss15f26NKWBpDXQd0/uK/KPqdQhxbPa994hnzjcE2VqQpDslf55723cKPUOGSmMY3g==
  dependencies:
    ms "2.0.0"

"defender-relay-client@link:../..":
  version "0.0.0"
  uid ""

dotenv@^8.2.0:
  version "8.2.0"
  resolved "https://registry.yarnpkg.com/dotenv/-/dotenv-8.2.0.tgz#97e619259ada750eea3e4ea3e26bceea5424b16a"
  integrity sha512-8sJ78ElpbDJBHNeBzUbUVLsqKdccaa/BXF1uPTw3GrvQTBgrQrtObr2mUrE38vzYd8cEv+m/JBfDLioYcfXoaw==

elliptic@6.5.3:
  version "6.5.3"
  resolved "https://registry.yarnpkg.com/elliptic/-/elliptic-6.5.3.tgz#cb59eb2efdaf73a0bd78ccd7015a62ad6e0f93d6"
  integrity sha512-IMqzv5wNQf+E6aHeIqATs0tOLeOTwj1QKbRcS3jBbYkl5oLAserA8yJTT7/VyHUYG91PRmPyeQDObKLPpeS4dw==
  dependencies:
    bn.js "^4.4.0"
    brorand "^1.0.1"
    hash.js "^1.0.0"
    hmac-drbg "^1.0.0"
    inherits "^2.0.1"
    minimalistic-assert "^1.0.0"
    minimalistic-crypto-utils "^1.0.0"

ethers@^5.0.7:
  version "5.0.7"
  resolved "https://registry.yarnpkg.com/ethers/-/ethers-5.0.7.tgz#41c3d774e0a57bfde12b0198885789fb41a14976"
  integrity sha512-1Zu9s+z4BgsDAZcGIYACJdWBB6mVtCCmUonj68Njul7STcSdgwOyj0sCAxCUr2Nsmsamckr4E12q3ecvZPGAUw==
  dependencies:
    "@ethersproject/abi" "^5.0.0"
    "@ethersproject/abstract-provider" "^5.0.0"
    "@ethersproject/abstract-signer" "^5.0.0"
    "@ethersproject/address" "^5.0.0"
    "@ethersproject/base64" "^5.0.0"
    "@ethersproject/bignumber" "^5.0.0"
    "@ethersproject/bytes" "^5.0.0"
    "@ethersproject/constants" "^5.0.0"
    "@ethersproject/contracts" "^5.0.0"
    "@ethersproject/hash" "^5.0.0"
    "@ethersproject/hdnode" "^5.0.0"
    "@ethersproject/json-wallets" "^5.0.0"
    "@ethersproject/keccak256" "^5.0.0"
    "@ethersproject/logger" "^5.0.0"
    "@ethersproject/networks" "^5.0.0"
    "@ethersproject/pbkdf2" "^5.0.0"
    "@ethersproject/properties" "^5.0.0"
    "@ethersproject/providers" "^5.0.0"
    "@ethersproject/random" "^5.0.0"
    "@ethersproject/rlp" "^5.0.0"
    "@ethersproject/sha2" "^5.0.0"
    "@ethersproject/signing-key" "^5.0.0"
    "@ethersproject/solidity" "^5.0.0"
    "@ethersproject/strings" "^5.0.0"
    "@ethersproject/transactions" "^5.0.0"
    "@ethersproject/units" "^5.0.0"
    "@ethersproject/wallet" "^5.0.0"
    "@ethersproject/web" "^5.0.0"
    "@ethersproject/wordlists" "^5.0.0"

follow-redirects@1.5.10:
  version "1.5.10"
  resolved "https://registry.yarnpkg.com/follow-redirects/-/follow-redirects-1.5.10.tgz#7b7a9f9aea2fdff36786a94ff643ed07f4ff5e2a"
  integrity sha512-0V5l4Cizzvqt5D44aTXbFZz+FtyXV1vrDN6qrelxtfYQKW0KO0W2T/hkE8xvGa/540LkZlkaUjO4ailYTFtHVQ==
  dependencies:
    debug "=3.1.0"

hash.js@1.1.3:
  version "1.1.3"
  resolved "https://registry.yarnpkg.com/hash.js/-/hash.js-1.1.3.tgz#340dedbe6290187151c1ea1d777a3448935df846"
  integrity sha512-/UETyP0W22QILqS+6HowevwhEFJ3MBJnwTf75Qob9Wz9t0DPuisL8kW8YZMK62dHAKE1c1p+gY1TtOLY+USEHA==
  dependencies:
    inherits "^2.0.3"
    minimalistic-assert "^1.0.0"

hash.js@^1.0.0, hash.js@^1.0.3:
  version "1.1.7"
  resolved "https://registry.yarnpkg.com/hash.js/-/hash.js-1.1.7.tgz#0babca538e8d4ee4a0f8988d68866537a003cf42"
  integrity sha512-taOaskGt4z4SOANNseOviYDvjEJinIkRgmp7LbKP2YTTmVxWBl87s/uzK9r+44BclBSp2X7K1hqeNfz9JbBeXA==
  dependencies:
    inherits "^2.0.3"
    minimalistic-assert "^1.0.1"

hmac-drbg@^1.0.0:
  version "1.0.1"
  resolved "https://registry.yarnpkg.com/hmac-drbg/-/hmac-drbg-1.0.1.tgz#d2745701025a6c775a6c545793ed502fc0c649a1"
  integrity sha1-0nRXAQJabHdabFRXk+1QL8DGSaE=
  dependencies:
    hash.js "^1.0.3"
    minimalistic-assert "^1.0.0"
    minimalistic-crypto-utils "^1.0.1"

ieee754@^1.1.4:
  version "1.1.13"
  resolved "https://registry.yarnpkg.com/ieee754/-/ieee754-1.1.13.tgz#ec168558e95aa181fd87d37f55c32bbcb6708b84"
  integrity sha512-4vf7I2LYV/HaWerSo3XmlMkp5eZ83i+/CDluXi/IGTs/O1sejBNhTtnxzmRZfvOUqj7lZjqHkeTvpgSFDlWZTg==

inherits@^2.0.1, inherits@^2.0.3:
  version "2.0.4"
  resolved "https://registry.yarnpkg.com/inherits/-/inherits-2.0.4.tgz#0fa2c64f932917c3433a0ded55363aae37416b7c"
  integrity sha512-k/vGaX4/Yla3WzyMCvTQOXYeIHvqOKtnqBduzTHpzpQZzAskKMhZ2K+EnBiSM9zGSoIFeMpXKxa4dYeZIQqewQ==

isarray@^1.0.0:
  version "1.0.0"
  resolved "https://registry.yarnpkg.com/isarray/-/isarray-1.0.0.tgz#bb935d48582cba168c06834957a54a3e07124f11"
  integrity sha1-u5NdSFgsuhaMBoNJV6VKPgcSTxE=

js-cookie@^2.1.4:
  version "2.2.1"
  resolved "https://registry.yarnpkg.com/js-cookie/-/js-cookie-2.2.1.tgz#69e106dc5d5806894562902aa5baec3744e9b2b8"
  integrity sha512-HvdH2LzI/EAZcUwA8+0nKNtWHqS+ZmijLA30RwZA0bo7ToCckjK5MkGhjED9KoRcXO6BaGI3I9UIzSA1FKFPOQ==

js-sha3@0.5.7:
  version "0.5.7"
  resolved "https://registry.yarnpkg.com/js-sha3/-/js-sha3-0.5.7.tgz#0d4ffd8002d5333aabaf4a23eed2f6374c9f28e7"
  integrity sha1-DU/9gALVMzqrr0oj7tL2N0yfKOc=

lodash@^4.17.19:
  version "4.17.19"
  resolved "https://registry.yarnpkg.com/lodash/-/lodash-4.17.19.tgz#e48ddedbe30b3321783c5b4301fbd353bc1e4a4b"
  integrity sha512-JNvd8XER9GQX0v2qJgsaN/mzFCNA5BRe/j8JN9d+tWyGLSodKQHKFicdwNYzWwI3wjRnaKPsGj1XkBjx/F96DQ==

minimalistic-assert@^1.0.0, minimalistic-assert@^1.0.1:
  version "1.0.1"
  resolved "https://registry.yarnpkg.com/minimalistic-assert/-/minimalistic-assert-1.0.1.tgz#2e194de044626d4a10e7f7fbc00ce73e83e4d5c7"
  integrity sha512-UtJcAD4yEaGtjPezWuO9wC4nwUnVH/8/Im3yEHQP4b67cXlD/Qr9hdITCU1xDbSEXg2XKNaP8jsReV7vQd00/A==

minimalistic-crypto-utils@^1.0.0, minimalistic-crypto-utils@^1.0.1:
  version "1.0.1"
  resolved "https://registry.yarnpkg.com/minimalistic-crypto-utils/-/minimalistic-crypto-utils-1.0.1.tgz#f6c00c1c0b082246e5c4d99dfb8c7c083b2b582a"
  integrity sha1-9sAMHAsIIkblxNmd+4x8CDsrWCo=

ms@2.0.0:
  version "2.0.0"
  resolved "https://registry.yarnpkg.com/ms/-/ms-2.0.0.tgz#5608aeadfc00be6c2901df5f9861788de0d597c8"
  integrity sha1-VgiurfwAvmwpAd9fmGF4jeDVl8g=

node-fetch@^2.6.0:
  version "2.6.0"
  resolved "https://registry.yarnpkg.com/node-fetch/-/node-fetch-2.6.0.tgz#e633456386d4aa55863f676a7ab0daa8fdecb0fd"
  integrity sha512-8dG4H5ujfvFiqDmVu9fQ5bOHUC15JMjMY/Zumv26oOvvVJjM67KF8koCWIabKQ1GJIa9r2mMZscBq/TbdOcmNA==

scrypt-js@3.0.1:
  version "3.0.1"
  resolved "https://registry.yarnpkg.com/scrypt-js/-/scrypt-js-3.0.1.tgz#d314a57c2aef69d1ad98a138a21fe9eafa9ee312"
  integrity sha512-cdwTTnqPu0Hyvf5in5asVdZocVDTNRmR7XEcJuIzMjJeSHybHl7vpB66AzwTaIg6CLSbtjcxc8fqcySfnTkccA==

ws@7.2.3:
  version "7.2.3"
  resolved "https://registry.yarnpkg.com/ws/-/ws-7.2.3.tgz#a5411e1fb04d5ed0efee76d26d5c46d830c39b46"
  integrity sha512-HTDl9G9hbkNDk98naoR/cHDws7+EyYMOdL1BmjsZXRUjf7d+MficC4B7HLUPlSiho0vg+CWKrGIt/VJBd1xunQ==
